Microsoft Visual Studio Solution File, Format Version 12.00
# Visual Studio Version 17
VisualStudioVersion = 17.5.2.0
MinimumVisualStudioVersion = 10.0.40219.1
Project("{FAE04EC0-301F-11D3-BF4B-00C04F79EFBC}") = "HospitalManagementSystem", "HospitalManagementSystem\HospitalManagementSystem.csproj", "{A2F94022-D2AC-6FED-4586-2385965A1D3A}"
EndProject
Global
	GlobalSection(SolutionConfigurationPlatforms) = preSolution
		Debug|Any CPU = Debug|Any CPU
		Release|Any CPU = Release|Any CPU
	EndGlobalSection
	GlobalSection(ProjectConfigurationPlatforms) = postSolution
		{A2F94022-D2AC-6FED-4586-2385965A1D3A}.Debug|Any CPU.ActiveCfg = Debug|Any CPU
		{A2F94022-D2AC-6FED-4586-2385965A1D3A}.Debug|Any CPU.Build.0 = Debug|Any CPU
		{A2F94022-D2AC-6FED-4586-2385965A1D3A}.Release|Any CPU.ActiveCfg = Release|Any CPU
		{A2F94022-D2AC-6FED-4586-2385965A1D3A}.Release|Any CPU.Build.0 = Release|Any CPU
	EndGlobalSection
	GlobalSection(SolutionProperties) = preSolution
		HideSolutionNode = FALSE
	EndGlobalSection
	GlobalSection(ExtensibilityGlobals) = postSolution
		SolutionGuid = {2794A780-A2CD-4C17-BC00-49B031DC7B09}
	EndGlobalSection
EndGlobal
